{
  "name": "confetti-api-docs",
  "version": "1.0.0",
  "lockfileVersion": 1,
  "requires": true,
  "dependencies": {
    "confetti": {
      "version": "1.1.1",
      "resolved": "https://registry.npmjs.org/confetti/-/confetti-1.1.1.tgz",
      "integrity": "sha512-uEZFSkslj9wcTiy8/v9jAraFkV3qmLMk0jfTx14iK8PyjI8vE4tfriiKo7Z17R5S+zkqnQ5gtdbnzLF2hK6NKw==",
      "requires": {
        "dotenv": "^8.2.0",
        "node-fetch": "^2.6.1",
        "qs": "^6.9.4",
        "yayson": "^2.0.10-quickfix"
      }
    },
    "dotenv": {
      "version": "8.2.0",
      "resolved": "https://registry.npmjs.org/dotenv/-/dotenv-8.2.0.tgz",
      "integrity": "sha512-8sJ78ElpbDJBHNeBzUbUVLsqKdccaa/BXF1uPTw3GrvQTBgrQrtObr2mUrE38vzYd8cEv+m/JBfDLioYcfXoaw=="
    },
    "lodash": {
      "version": "4.17.20",
      "resolved": "https://registry.npmjs.org/lodash/-/lodash-4.17.20.tgz",
      "integrity": "sha512-PlhdFcillOINfeV7Ni6oF1TAEayyZBoZ8bcshTHqOYJYlrqzRK5hagpagky5o4HfCzzd1TRkXPMFq6cKk9rGmA=="
    },
    "node-fetch": {
      "version": "2.6.1",
      "resolved": "https://registry.npmjs.org/node-fetch/-/node-fetch-2.6.1.tgz",
      "integrity": "sha512-V4aYg89jEoVRxRb2fJdAg8FHvI7cEyYdVAh94HH0UIK8oJxUfkjlDQN9RbMx+bEjP7+ggMiFRprSti032Oipxw=="
    },
    "prettier": {
      "version": "2.1.1",
      "resolved": "https://registry.npmjs.org/prettier/-/prettier-2.1.1.tgz",
      "integrity": "sha512-9bY+5ZWCfqj3ghYBLxApy2zf6m+NJo5GzmLTpr9FsApsfjriNnS2dahWReHMi7qNPhhHl9SYHJs2cHZLgexNIw=="
    },
    "q": {
      "version": "1.5.1",
      "resolved": "https://registry.npmjs.org/q/-/q-1.5.1.tgz",
      "integrity": "sha1-fjL3W0E4EpHQRhHxvxQQmsAGUdc=",
      "optional": true
    },
    "qs": {
      "version": "6.9.4",
      "resolved": "https://registry.npmjs.org/qs/-/qs-6.9.4.tgz",
      "integrity": "sha512-A1kFqHekCTM7cz0udomYUoYNWjBebHm/5wzU/XqrBRBNWectVH0QIiN+NEcZ0Dte5hvzHwbr8+XQmguPhJ6WdQ=="
    },
    "underscore": {
      "version": "1.11.0",
      "resolved": "https://registry.npmjs.org/underscore/-/underscore-1.11.0.tgz",
      "integrity": "sha512-xY96SsN3NA461qIRKZ/+qox37YXPtSBswMGfiNptr+wrt6ds4HaMw23TP612fEyGekRE6LNRiLYr/aqbHXNedw==",
      "optional": true
    },
    "yayson": {
      "version": "2.0.10-quickfix",
      "resolved": "https://registry.npmjs.org/yayson/-/yayson-2.0.10-quickfix.tgz",
      "integrity": "sha512-DahvHsIvqUvSfRs3WW3bkh8k8Mbvwa4bVYfRiQ/MpJFTwG/oEpQc6PnXoDAOYc1W8eQwUKOuwMvTfv7EoyGsJA==",
      "requires": {
        "lodash": "^4.17.4",
        "q": "^1.0.1",
        "underscore": "^1.8.3"
      }
    }
  }
}
